// !$*UTF8*$!
{
	archiveVersion = 1;
	classes = {
	};
	objectVersion = 55;
	objects = {

/* Begin PBXBuildFile section */
		524A64A6281EACDD00A3F457 /* TouchDownApp.swift in Sources */ = {isa = PBXBuildFile; fileRef = 524A64A5281EACDD00A3F457 /* TouchDownApp.swift */; };
		524A64A8281EACDD00A3F457 /* ContentView.swift in Sources */ = {isa = PBXBuildFile; fileRef = 524A64A7281EACDD00A3F457 /* ContentView.swift */; };
		524A64AA281EACDF00A3F457 /* Assets.xcassets in Resources */ = {isa = PBXBuildFile; fileRef = 524A64A9281EACDF00A3F457 /* Assets.xcassets */; };
		524A64AD281EACDF00A3F457 /* Preview Assets.xcassets in Resources */ = {isa = PBXBuildFile; fileRef = 524A64AC281EACDF00A3F457 /* Preview Assets.xcassets */; };
		52ADC8282826EDC500E66BB2 /* TitleView.swift in Sources */ = {isa = PBXBuildFile; fileRef = 52ADC8272826EDC500E66BB2 /* TitleView.swift */; };
		52ADC82A2826EF2100E66BB2 /* ProductModel.swift in Sources */ = {isa = PBXBuildFile; fileRef = 52ADC8292826EF2100E66BB2 /* ProductModel.swift */; };
		52ADC82C2826EFBA00E66BB2 /* ProductItemView.swift in Sources */ = {isa = PBXBuildFile; fileRef = 52ADC82B2826EFBA00E66BB2 /* ProductItemView.swift */; };
		52C5E191282592DE00F78E71 /* category.json in Resources */ = {isa = PBXBuildFile; fileRef = 52C5E18D282592DE00F78E71 /* category.json */; };
		52C5E192282592DE00F78E71 /* player.json in Resources */ = {isa = PBXBuildFile; fileRef = 52C5E18E282592DE00F78E71 /* player.json */; };
		52C5E193282592DE00F78E71 /* brand.json in Resources */ = {isa = PBXBuildFile; fileRef = 52C5E18F282592DE00F78E71 /* brand.json */; };
		52C5E194282592DE00F78E71 /* product.json in Resources */ = {isa = PBXBuildFile; fileRef = 52C5E190282592DE00F78E71 /* product.json */; };
		52C5E1A02826891F00F78E71 /* Constants.swift in Sources */ = {isa = PBXBuildFile; fileRef = 52C5E19F2826891F00F78E71 /* Constants.swift */; };
		52C5E1A228268A5600F78E71 /* FooterView.swift in Sources */ = {isa = PBXBuildFile; fileRef = 52C5E1A128268A5600F78E71 /* FooterView.swift */; };
		52C5E1A428268EC700F78E71 /* NavigationBarView.swift in Sources */ = {isa = PBXBuildFile; fileRef = 52C5E1A328268EC700F78E71 /* NavigationBarView.swift */; };
		52C5E1A6282690DD00F78E71 /* LogoView.swift in Sources */ = {isa = PBXBuildFile; fileRef = 52C5E1A5282690DD00F78E71 /* LogoView.swift */; };
		52C5E1A82826978700F78E71 /* PlayerModel.swift in Sources */ = {isa = PBXBuildFile; fileRef = 52C5E1A72826978700F78E71 /* PlayerModel.swift */; };
		52C5E1AA282697D400F78E71 /* CodableBundleExtension.swift in Sources */ = {isa = PBXBuildFile; fileRef = 52C5E1A9282697D400F78E71 /* CodableBundleExtension.swift */; };
		52C5E1AC28269B7600F78E71 /* FeaturedItemView.swift in Sources */ = {isa = PBXBuildFile; fileRef = 52C5E1AB28269B7600F78E71 /* FeaturedItemView.swift */; };
		52C5E1AE28269CED00F78E71 /* FeaturedTabView.swift in Sources */ = {isa = PBXBuildFile; fileRef = 52C5E1AD28269CED00F78E71 /* FeaturedTabView.swift */; };
		52C5E1B02826A22700F78E71 /* CategoryModel.swift in Sources */ = {isa = PBXBuildFile; fileRef = 52C5E1AF2826A22700F78E71 /* CategoryModel.swift */; };
		52C5E1B32826A4AD00F78E71 /* CategoryItemView.swift in Sources */ = {isa = PBXBuildFile; fileRef = 52C5E1B22826A4AD00F78E71 /* CategoryItemView.swift */; };
		52C5E1B52826A75500F78E71 /* CategoryGridView.swift in Sources */ = {isa = PBXBuildFile; fileRef = 52C5E1B42826A75500F78E71 /* CategoryGridView.swift */; };
		52C5E1B72826AA8600F78E71 /* SectionView.swift in Sources */ = {isa = PBXBuildFile; fileRef = 52C5E1B62826AA8600F78E71 /* SectionView.swift */; };
/* End PBXBuildFile section */

/* Begin PBXFileReference section */
		524A64A2281EACDD00A3F457 /* TouchDown.app */ = {isa = PBXFileReference; explicitFileType = wrapper.application; includeInIndex = 0; path = TouchDown.app; sourceTree = BUILT_PRODUCTS_DIR; };
		524A64A5281EACDD00A3F457 /* TouchDownApp.swift */ = {isa = PBXFileReference; lastKnownFileType = sourcecode.swift; path = TouchDownApp.swift; sourceTree = "<group>"; };
		524A64A7281EACDD00A3F457 /* ContentView.swift */ = {isa = PBXFileReference; lastKnownFileType = sourcecode.swift; path = ContentView.swift; sourceTree = "<group>"; };
		524A64A9281EACDF00A3F457 /* Assets.xcassets */ = {isa = PBXFileReference; lastKnownFileType = folder.assetcatalog; path = Assets.xcassets; sourceTree = "<group>"; };
		524A64AC281EACDF00A3F457 /* Preview Assets.xcassets */ = {isa = PBXFileReference; lastKnownFileType = folder.assetcatalog; path = "Preview Assets.xcassets"; sourceTree = "<group>"; };
		52ADC8272826EDC500E66BB2 /* TitleView.swift */ = {isa = PBXFileReference; lastKnownFileType = sourcecode.swift; path = TitleView.swift; sourceTree = "<group>"; };
		52ADC8292826EF2100E66BB2 /* ProductModel.swift */ = {isa = PBXFileReference; lastKnownFileType = sourcecode.swift; path = ProductModel.swift; sourceTree = "<group>"; };
		52ADC82B2826EFBA00E66BB2 /* ProductItemView.swift */ = {isa = PBXFileReference; lastKnownFileType = sourcecode.swift; path = ProductItemView.swift; sourceTree = "<group>"; };
		52C5E18D282592DE00F78E71 /* category.json */ = {isa = PBXFileReference; fileEncoding = 4; lastKnownFileType = text.json; path = category.json; sourceTree = "<group>"; };
		52C5E18E282592DE00F78E71 /* player.json */ = {isa = PBXFileReference; fileEncoding = 4; lastKnownFileType = text.json; path = player.json; sourceTree = "<group>"; };
		52C5E18F282592DE00F78E71 /* brand.json */ = {isa = PBXFileReference; fileEncoding = 4; lastKnownFileType = text.json; path = brand.json; sourceTree = "<group>"; };
		52C5E190282592DE00F78E71 /* product.json */ = {isa = PBXFileReference; fileEncoding = 4; lastKnownFileType = text.json; path = product.json; sourceTree = "<group>"; };
		52C5E1962825933B00F78E71 /* Info.plist */ = {isa = PBXFileReference; lastKnownFileType = text.plist; path = Info.plist; sourceTree = "<group>"; };
		52C5E19F2826891F00F78E71 /* Constants.swift */ = {isa = PBXFileReference; lastKnownFileType = sourcecode.swift; path = Constants.swift; sourceTree = "<group>"; };
		52C5E1A128268A5600F78E71 /* FooterView.swift */ = {isa = PBXFileReference; lastKnownFileType = sourcecode.swift; path = FooterView.swift; sourceTree = "<group>"; };
		52C5E1A328268EC700F78E71 /* NavigationBarView.swift */ = {isa = PBXFileReference; lastKnownFileType = sourcecode.swift; path = NavigationBarView.swift; sourceTree = "<group>"; };
		52C5E1A5282690DD00F78E71 /* LogoView.swift */ = {isa = PBXFileReference; lastKnownFileType = sourcecode.swift; path = LogoView.swift; sourceTree = "<group>"; };
		52C5E1A72826978700F78E71 /* PlayerModel.swift */ = {isa = PBXFileReference; lastKnownFileType = sourcecode.swift; path = PlayerModel.swift; sourceTree = "<group>"; };
		52C5E1A9282697D400F78E71 /* CodableBundleExtension.swift */ = {isa = PBXFileReference; lastKnownFileType = sourcecode.swift; path = CodableBundleExtension.swift; sourceTree = "<group>"; };
		52C5E1AB28269B7600F78E71 /* FeaturedItemView.swift */ = {isa = PBXFileReference; lastKnownFileType = sourcecode.swift; path = FeaturedItemView.swift; sourceTree = "<group>"; };
		52C5E1AD28269CED00F78E71 /* FeaturedTabView.swift */ = {isa = PBXFileReference; lastKnownFileType = sourcecode.swift; path = FeaturedTabView.swift; sourceTree = "<group>"; };
		52C5E1AF2826A22700F78E71 /* CategoryModel.swift */ = {isa = PBXFileReference; lastKnownFileType = sourcecode.swift; path = CategoryModel.swift; sourceTree = "<group>"; };
		52C5E1B22826A4AD00F78E71 /* CategoryItemView.swift */ = {isa = PBXFileReference; lastKnownFileType = sourcecode.swift; path = CategoryItemView.swift; sourceTree = "<group>"; };
		52C5E1B42826A75500F78E71 /* CategoryGridView.swift */ = {isa = PBXFileReference; lastKnownFileType = sourcecode.swift; path = CategoryGridView.swift; sourceTree = "<group>"; };
		52C5E1B62826AA8600F78E71 /* SectionView.swift */ = {isa = PBXFileReference; lastKnownFileType = sourcecode.swift; path = SectionView.swift; sourceTree = "<group>"; };
/* End PBXFileReference section */

/* Begin PBXFrameworksBuildPhase section */
		524A649F281EACDD00A3F457 /* Frameworks */ = {
			isa = PBXFrameworksBuildPhase;
			buildActionMask = 2147483647;
			files = (
			);
			runOnlyForDeploymentPostprocessing = 0;
		};
/* End PBXFrameworksBuildPhase section */

/* Begin PBXGroup section */
		524A6499281EACDD00A3F457 = {
			isa = PBXGroup;
			children = (
				524A64A4281EACDD00A3F457 /* TouchDown */,
				524A64A3281EACDD00A3F457 /* Products */,
			);
			sourceTree = "<group>";
		};
		524A64A3281EACDD00A3F457 /* Products */ = {
			isa = PBXGroup;
			children = (
				524A64A2281EACDD00A3F457 /* TouchDown.app */,
			);
			name = Products;
			sourceTree = "<group>";
		};
		524A64A4281EACDD00A3F457 /* TouchDown */ = {
			isa = PBXGroup;
			children = (
				52C5E19E282688DD00F78E71 /* Utilities */,
				52C5E19D282688D600F78E71 /* Models */,
				52C5E19C2826889C00F78E71 /* Extensions */,
				52C5E1982825943100F78E71 /* Views */,
				52C5E1962825933B00F78E71 /* Info.plist */,
				52C5E195282592F400F78E71 /* Data */,
				52C5E1972825942100F78E71 /* App */,
				524A64A9281EACDF00A3F457 /* Assets.xcassets */,
				524A64AB281EACDF00A3F457 /* Preview Content */,
			);
			path = TouchDown;
			sourceTree = "<group>";
		};
		524A64AB281EACDF00A3F457 /* Preview Content */ = {
			isa = PBXGroup;
			children = (
				524A64AC281EACDF00A3F457 /* Preview Assets.xcassets */,
			);
			path = "Preview Content";
			sourceTree = "<group>";
		};
		52C5E195282592F400F78E71 /* Data */ = {
			isa = PBXGroup;
			children = (
				52C5E18F282592DE00F78E71 /* brand.json */,
				52C5E18D282592DE00F78E71 /* category.json */,
				52C5E18E282592DE00F78E71 /* player.json */,
				52C5E190282592DE00F78E71 /* product.json */,
			);
			path = Data;
			sourceTree = "<group>";
		};
		52C5E1972825942100F78E71 /* App */ = {
			isa = PBXGroup;
			children = (
				524A64A5281EACDD00A3F457 /* TouchDownApp.swift */,
				524A64A7281EACDD00A3F457 /* ContentView.swift */,
			);
			path = App;
			sourceTree = "<group>";
		};
		52C5E1982825943100F78E71 /* Views */ = {
			isa = PBXGroup;
			children = (
				52C5E19A2826885000F78E71 /* Detail */,
				52C5E1992825943F00F78E71 /* Home */,
			);
			path = Views;
			sourceTree = "<group>";
		};
		52C5E1992825943F00F78E71 /* Home */ = {
			isa = PBXGroup;
			children = (
				52C5E1A128268A5600F78E71 /* FooterView.swift */,
				52C5E1A328268EC700F78E71 /* NavigationBarView.swift */,
				52C5E1A5282690DD00F78E71 /* LogoView.swift */,
				52C5E1AB28269B7600F78E71 /* FeaturedItemView.swift */,
				52C5E1AD28269CED00F78E71 /* FeaturedTabView.swift */,
				52C5E1B22826A4AD00F78E71 /* CategoryItemView.swift */,
				52C5E1B42826A75500F78E71 /* CategoryGridView.swift */,
				52C5E1B62826AA8600F78E71 /* SectionView.swift */,
				52ADC8272826EDC500E66BB2 /* TitleView.swift */,
				52ADC82B2826EFBA00E66BB2 /* ProductItemView.swift */,
			);
			path = Home;
			sourceTree = "<group>";
		};
		52C5E19A2826885000F78E71 /* Detail */ = {
			isa = PBXGroup;
			children = (
			);
			path = Detail;
			sourceTree = "<group>";
		};
		52C5E19C2826889C00F78E71 /* Extensions */ = {
			isa = PBXGroup;
			children = (
				52C5E1A9282697D400F78E71 /* CodableBundleExtension.swift */,
			);
			path = Extensions;
			sourceTree = "<group>";
		};
		52C5E19D282688D600F78E71 /* Models */ = {
			isa = PBXGroup;
			children = (
				52C5E1A72826978700F78E71 /* PlayerModel.swift */,
				52C5E1AF2826A22700F78E71 /* CategoryModel.swift */,
				52ADC8292826EF2100E66BB2 /* ProductModel.swift */,
			);
			path = Models;
			sourceTree = "<group>";
		};
		52C5E19E282688DD00F78E71 /* Utilities */ = {
			isa = PBXGroup;
			children = (
				52C5E19F2826891F00F78E71 /* Constants.swift */,
			);
			path = Utilities;
			sourceTree = "<group>";
		};
/* End PBXGroup section */

/* Begin PBXNativeTarget section */
		524A64A1281EACDD00A3F457 /* TouchDown */ = {
			isa = PBXNativeTarget;
			buildConfigurationList = 524A64B0281EACDF00A3F457 /* Build configuration list for PBXNativeTarget "TouchDown" */;
			buildPhases = (
				524A649E281EACDD00A3F457 /* Sources */,
				524A649F281EACDD00A3F457 /* Frameworks */,
				524A64A0281EACDD00A3F457 /* Resources */,
			);
			buildRules = (
			);
			dependencies = (
			);
			name = TouchDown;
			productName = TouchDown;
			productReference = 524A64A2281EACDD00A3F457 /* TouchDown.app */;
			productType = "com.apple.product-type.application";
		};
/* End PBXNativeTarget section */

/* Begin PBXProject section */
		524A649A281EACDD00A3F457 /* Project object */ = {
			isa = PBXProject;
			attributes = {
				BuildIndependentTargetsInParallel = 1;
				LastSwiftUpdateCheck = 1330;
				LastUpgradeCheck = 1330;
				TargetAttributes = {
					524A64A1281EACDD00A3F457 = {
						CreatedOnToolsVersion = 13.3.1;
					};
				};
			};
			buildConfigurationList = 524A649D281EACDD00A3F457 /* Build configuration list for PBXProject "TouchDown" */;
			compatibilityVersion = "Xcode 13.0";
			developmentRegion = en;
			hasScannedForEncodings = 0;
			knownRegions = (
				en,
				Base,
			);
			mainGroup = 524A6499281EACDD00A3F457;
			productRefGroup = 524A64A3281EACDD00A3F457 /* Products */;
			projectDirPath = "";
			projectRoot = "";
			targets = (
				524A64A1281EACDD00A3F457 /* TouchDown */,
			);
		};
/* End PBXProject section */

/* Begin PBXResourcesBuildPhase section */
		524A64A0281EACDD00A3F457 /* Resources */ = {
			isa = PBXResourcesBuildPhase;
			buildActionMask = 2147483647;
			files = (
				52C5E192282592DE00F78E71 /* player.json in Resources */,
				52C5E193282592DE00F78E71 /* brand.json in Resources */,
				52C5E191282592DE00F78E71 /* category.json in Resources */,
				524A64AD281EACDF00A3F457 /* Preview Assets.xcassets in Resources */,
				524A64AA281EACDF00A3F457 /* Assets.xcassets in Resources */,
				52C5E194282592DE00F78E71 /* product.json in Resources */,
			);
			runOnlyForDeploymentPostprocessing = 0;
		};
/* End PBXResourcesBuildPhase section */

/* Begin PBXSourcesBuildPhase section */
		524A649E281EACDD00A3F457 /* Sources */ = {
			isa = PBXSourcesBuildPhase;
			buildActionMask = 2147483647;
			files = (
				52C5E1AA282697D400F78E71 /* CodableBundleExtension.swift in Sources */,
				524A64A8281EACDD00A3F457 /* ContentView.swift in Sources */,
				52C5E1A6282690DD00F78E71 /* LogoView.swift in Sources */,
				52C5E1A228268A5600F78E71 /* FooterView.swift in Sources */,
				52C5E1AC28269B7600F78E71 /* FeaturedItemView.swift in Sources */,
				52ADC82C2826EFBA00E66BB2 /* ProductItemView.swift in Sources */,
				524A64A6281EACDD00A3F457 /* TouchDownApp.swift in Sources */,
				52C5E1A02826891F00F78E71 /* Constants.swift in Sources */,
				52C5E1B52826A75500F78E71 /* CategoryGridView.swift in Sources */,
				52C5E1B02826A22700F78E71 /* CategoryModel.swift in Sources */,
				52C5E1A428268EC700F78E71 /* NavigationBarView.swift in Sources */,
				52C5E1B72826AA8600F78E71 /* SectionView.swift in Sources */,
				52C5E1B32826A4AD00F78E71 /* CategoryItemView.swift in Sources */,
				52C5E1AE28269CED00F78E71 /* FeaturedTabView.swift in Sources */,
				52C5E1A82826978700F78E71 /* PlayerModel.swift in Sources */,
				52ADC8282826EDC500E66BB2 /* TitleView.swift in Sources */,
				52ADC82A2826EF2100E66BB2 /* ProductModel.swift in Sources */,
			);
			runOnlyForDeploymentPostprocessing = 0;
		};
/* End PBXSourcesBuildPhase section */

/* Begin XCBuildConfiguration section */
		524A64AE281EACDF00A3F457 /* Debug */ = {
			isa = XCBuildConfiguration;
			buildSettings = {
				ALWAYS_SEARCH_USER_PATHS = NO;
				CLANG_ANALYZER_NONNULL = YES;
				CLANG_ANALYZER_NUMBER_OBJECT_CONVERSION = YES_AGGRESSIVE;
				CLANG_CXX_LANGUAGE_STANDARD = "gnu++17";
				CLANG_ENABLE_MODULES = YES;
				CLANG_ENABLE_OBJC_ARC = YES;
				CLANG_ENABLE_OBJC_WEAK = YES;
				CLANG_WARN_BLOCK_CAPTURE_AUTORELEASING = YES;
				CLANG_WARN_BOOL_CONVERSION = YES;
				CLANG_WARN_COMMA = YES;
				CLANG_WARN_CONSTANT_CONVERSION = YES;
				CLANG_WARN_DEPRECATED_OBJC_IMPLEMENTATIONS = YES;
				CLANG_WARN_DIRECT_OBJC_ISA_USAGE = YES_ERROR;
				CLANG_WARN_DOCUMENTATION_COMMENTS = YES;
				CLANG_WARN_EMPTY_BODY = YES;
				CLANG_WARN_ENUM_CONVERSION = YES;
				CLANG_WARN_INFINITE_RECURSION = YES;
				CLANG_WARN_INT_CONVERSION = YES;
				CLANG_WARN_NON_LITERAL_NULL_CONVERSION = YES;
				CLANG_WARN_OBJC_IMPLICIT_RETAIN_SELF = YES;
				CLANG_WARN_OBJC_LITERAL_CONVERSION = YES;
				CLANG_WARN_OBJC_ROOT_CLASS = YES_ERROR;
				CLANG_WARN_QUOTED_INCLUDE_IN_FRAMEWORK_HEADER = YES;
				CLANG_WARN_RANGE_LOOP_ANALYSIS = YES;
				CLANG_WARN_STRICT_PROTOTYPES = YES;
				CLANG_WARN_SUSPICIOUS_MOVE = YES;
				CLANG_WARN_UNGUARDED_AVAILABILITY = YES_AGGRESSIVE;
				CLANG_WARN_UNREACHABLE_CODE = YES;
				CLANG_WARN__DUPLICATE_METHOD_MATCH = YES;
				COPY_PHASE_STRIP = NO;
				DEBUG_INFORMATION_FORMAT = dwarf;
				ENABLE_STRICT_OBJC_MSGSEND = YES;
				ENABLE_TESTABILITY = YES;
				GCC_C_LANGUAGE_STANDARD = gnu11;
				GCC_DYNAMIC_NO_PIC = NO;
				GCC_NO_COMMON_BLOCKS = YES;
				GCC_OPTIMIZATION_LEVEL = 0;
				GCC_PREPROCESSOR_DEFINITIONS = (
					"DEBUG=1",
					"$(inherited)",
				);
				GCC_WARN_64_TO_32_BIT_CONVERSION = YES;
				GCC_WARN_ABOUT_RETURN_TYPE = YES_ERROR;
				GCC_WARN_UNDECLARED_SELECTOR = YES;
				GCC_WARN_UNINITIALIZED_AUTOS = YES_AGGRESSIVE;
				GCC_WARN_UNUSED_FUNCTION = YES;
				GCC_WARN_UNUSED_VARIABLE = YES;
				IPHONEOS_DEPLOYMENT_TARGET = 15.4;
				MTL_ENABLE_DEBUG_INFO = INCLUDE_SOURCE;
				MTL_FAST_MATH = YES;
				ONLY_ACTIVE_ARCH = YES;
				SDKROOT = iphoneos;
				SWIFT_ACTIVE_COMPILATION_CONDITIONS = DEBUG;
				SWIFT_OPTIMIZATION_LEVEL = "-Onone";
			};
			name = Debug;
		};
		524A64AF281EACDF00A3F457 /* Release */ = {
			isa = XCBuildConfiguration;
			buildSettings = {
				ALWAYS_SEARCH_USER_PATHS = NO;
				CLANG_ANALYZER_NONNULL = YES;
				CLANG_ANALYZER_NUMBER_OBJECT_CONVERSION = YES_AGGRESSIVE;
				CLANG_CXX_LANGUAGE_STANDARD = "gnu++17";
				CLANG_ENABLE_MODULES = YES;
				CLANG_ENABLE_OBJC_ARC = YES;
				CLANG_ENABLE_OBJC_WEAK = YES;
				CLANG_WARN_BLOCK_CAPTURE_AUTORELEASING = YES;
				CLANG_WARN_BOOL_CONVERSION = YES;
				CLANG_WARN_COMMA = YES;
				CLANG_WARN_CONSTANT_CONVERSION = YES;
				CLANG_WARN_DEPRECATED_OBJC_IMPLEMENTATIONS = YES;
				CLANG_WARN_DIRECT_OBJC_ISA_USAGE = YES_ERROR;
				CLANG_WARN_DOCUMENTATION_COMMENTS = YES;
				CLANG_WARN_EMPTY_BODY = YES;
				CLANG_WARN_ENUM_CONVERSION = YES;
				CLANG_WARN_INFINITE_RECURSION = YES;
				CLANG_WARN_INT_CONVERSION = YES;
				CLANG_WARN_NON_LITERAL_NULL_CONVERSION = YES;
				CLANG_WARN_OBJC_IMPLICIT_RETAIN_SELF = YES;
				CLANG_WARN_OBJC_LITERAL_CONVERSION = YES;
				CLANG_WARN_OBJC_ROOT_CLASS = YES_ERROR;
				CLANG_WARN_QUOTED_INCLUDE_IN_FRAMEWORK_HEADER = YES;
				CLANG_WARN_RANGE_LOOP_ANALYSIS = YES;
				CLANG_WARN_STRICT_PROTOTYPES = YES;
				CLANG_WARN_SUSPICIOUS_MOVE = YES;
				CLANG_WARN_UNGUARDED_AVAILABILITY = YES_AGGRESSIVE;
				CLANG_WARN_UNREACHABLE_CODE = YES;
				CLANG_WARN__DUPLICATE_METHOD_MATCH = YES;
				COPY_PHASE_STRIP = NO;
				DEBUG_INFORMATION_FORMAT = "dwarf-with-dsym";
				ENABLE_NS_ASSERTIONS = NO;
				ENABLE_STRICT_OBJC_MSGSEND = YES;
				GCC_C_LANGUAGE_STANDARD = gnu11;
				GCC_NO_COMMON_BLOCKS = YES;
				GCC_WARN_64_TO_32_BIT_CONVERSION = YES;
				GCC_WARN_ABOUT_RETURN_TYPE = YES_ERROR;
				GCC_WARN_UNDECLARED_SELECTOR = YES;
				GCC_WARN_UNINITIALIZED_AUTOS = YES_AGGRESSIVE;
				GCC_WARN_UNUSED_FUNCTION = YES;
				GCC_WARN_UNUSED_VARIABLE = YES;
				IPHONEOS_DEPLOYMENT_TARGET = 15.4;
				MTL_ENABLE_DEBUG_INFO = NO;
				MTL_FAST_MATH = YES;
				SDKROOT = iphoneos;
				SWIFT_COMPILATION_MODE = wholemodule;
				SWIFT_OPTIMIZATION_LEVEL = "-O";
				VALIDATE_PRODUCT = YES;
			};
			name = Release;
		};
		524A64B1281EACDF00A3F457 /* Debug */ = {
			isa = XCBuildConfiguration;
			buildSettings = {
				ASSETCATALOG_COMPILER_APPICON_NAME = AppIcon;
				ASSETCATALOG_COMPILER_GLOBAL_ACCENT_COLOR_NAME = AccentColor;
				CODE_SIGN_STYLE = Automatic;
				CURRENT_PROJECT_VERSION = 1;
				DEVELOPMENT_ASSET_PATHS = "\"TouchDown/Preview Content\"";
				DEVELOPMENT_TEAM = Z4DDBJRWY2;
				ENABLE_PREVIEWS = YES;
				GENERATE_INFOPLIST_FILE = YES;
				INFOPLIST_FILE = TouchDown/Info.plist;
				INFOPLIST_KEY_UIApplicationSceneManifest_Generation = YES;
				INFOPLIST_KEY_UIApplicationSupportsIndirectInputEvents = YES;
				INFOPLIST_KEY_UISupportedInterfaceOrientations = UIInterfaceOrientationPortrait;
				INFOPLIST_KEY_UISupportedInterfaceOrientations_iPad = "UIInterfaceOrientationPortrait UIInterfaceOrientationPortraitUpsideDown UIInterfaceOrientationLandscapeLeft UIInterfaceOrientationLandscapeRight";
				INFOPLIST_KEY_UISupportedInterfaceOrientations_iPhone = "UIInterfaceOrientationPortrait UIInterfaceOrientationLandscapeLeft UIInterfaceOrientationLandscapeRight";
				INFOPLIST_KEY_UIUserInterfaceStyle = Light;
				LD_RUNPATH_SEARCH_PATHS = (
					"$(inherited)",
					"@executable_path/Frameworks",
				);
				MARKETING_VERSION = 1.0;
				PRODUCT_BUNDLE_IDENTIFIER = com.Fadel.TouchDown;
				PRODUCT_NAME = "$(TARGET_NAME)";
				SWIFT_EMIT_LOC_STRINGS = YES;
				SWIFT_VERSION = 5.0;
				TARGETED_DEVICE_FAMILY = "1,2";
			};
			name = Debug;
		};
		524A64B2281EACDF00A3F457 /* Release */ = {
			isa = XCBuildConfiguration;
			buildSettings = {
				ASSETCATALOG_COMPILER_APPICON_NAME = AppIcon;
				ASSETCATALOG_COMPILER_GLOBAL_ACCENT_COLOR_NAME = AccentColor;
				CODE_SIGN_STYLE = Automatic;
				CURRENT_PROJECT_VERSION = 1;
				DEVELOPMENT_ASSET_PATHS = "\"TouchDown/Preview Content\"";
				DEVELOPMENT_TEAM = Z4DDBJRWY2;
				ENABLE_PREVIEWS = YES;
				GENERATE_INFOPLIST_FILE = YES;
				INFOPLIST_FILE = TouchDown/Info.plist;
				INFOPLIST_KEY_UIApplicationSceneManifest_Generation = YES;
				INFOPLIST_KEY_UIApplicationSupportsIndirectInputEvents = YES;
				INFOPLIST_KEY_UISupportedInterfaceOrientations = UIInterfaceOrientationPortrait;
				INFOPLIST_KEY_UISupportedInterfaceOrientations_iPad = "UIInterfaceOrientationPortrait UIInterfaceOrientationPortraitUpsideDown UIInterfaceOrientationLandscapeLeft UIInterfaceOrientationLandscapeRight";
				INFOPLIST_KEY_UISupportedInterfaceOrientations_iPhone = "UIInterfaceOrientationPortrait UIInterfaceOrientationLandscapeLeft UIInterfaceOrientationLandscapeRight";
				INFOPLIST_KEY_UIUserInterfaceStyle = Light;
				LD_RUNPATH_SEARCH_PATHS = (
					"$(inherited)",
					"@executable_path/Frameworks",
				);
				MARKETING_VERSION = 1.0;
				PRODUCT_BUNDLE_IDENTIFIER = com.Fadel.TouchDown;
				PRODUCT_NAME = "$(TARGET_NAME)";
				SWIFT_EMIT_LOC_STRINGS = YES;
				SWIFT_VERSION = 5.0;
				TARGETED_DEVICE_FAMILY = "1,2";
			};
			name = Release;
		};
/* End XCBuildConfiguration section */

/* Begin XCConfigurationList section */
		524A649D281EACDD00A3F457 /* Build configuration list for PBXProject "TouchDown" */ = {
			isa = XCConfigurationList;
			buildConfigurations = (
				524A64AE281EACDF00A3F457 /* Debug */,
				524A64AF281EACDF00A3F457 /* Release */,
			);
			defaultConfigurationIsVisible = 0;
			defaultConfigurationName = Release;
		};
		524A64B0281EACDF00A3F457 /* Build configuration list for PBXNativeTarget "TouchDown" */ = {
			isa = XCConfigurationList;
			buildConfigurations = (
				524A64B1281EACDF00A3F457 /* Debug */,
				524A64B2281EACDF00A3F457 /* Release */,
			);
			defaultConfigurationIsVisible = 0;
			defaultConfigurationName = Release;
		};
/* End XCConfigurationList section */
	};
	rootObject = 524A649A281EACDD00A3F457 /* Project object */;
}
